
Microsoft Visual Studio Solution File, Format Version 12.00
# Visual Studio Version 17
VisualStudioVersion = 17.5.002.0
MinimumVisualStudioVersion = 10.0.40219.1
Project("{9A19103F-16F7-4668-BE54-9A1E7A4F7556}") = "RealPendulumApi", "RealPendulumApi.csproj", "{C16BF99E-E3D9-4179-9DF4-5BFBC3D17BFE}"
EndProject
Global
	GlobalSection(SolutionConfigurationPlatforms) = preSolution
		Debug|Any CPU = Debug|Any CPU
		Release|Any CPU = Release|Any CPU
	EndGlobalSection
	GlobalSection(ProjectConfigurationPlatforms) = postSolution
		{C16BF99E-E3D9-4179-9DF4-5BFBC3D17BFE}.Debug|Any CPU.ActiveCfg = Debug|Any CPU
		{C16BF99E-E3D9-4179-9DF4-5BFBC3D17BFE}.Debug|Any CPU.Build.0 = Debug|Any CPU
		{C16BF99E-E3D9-4179-9DF4-5BFBC3D17BFE}.Release|Any CPU.ActiveCfg = Release|Any CPU
		{C16BF99E-E3D9-4179-9DF4-5BFBC3D17BFE}.Release|Any CPU.Build.0 = Release|Any CPU
	EndGlobalSection
	GlobalSection(SolutionProperties) = preSolution
		HideSolutionNode = FALSE
	EndGlobalSection
	GlobalSection(ExtensibilityGlobals) = postSolution
		SolutionGuid = {C27E2DA2-9D98-46CF-8E22-41E231B69B1D}
	EndGlobalSection
EndGlobal
